
Microsoft Visual Studio Solution File, Format Version 12.00
# Visual Studio Version 17
VisualStudioVersion = 17.5.33502.453
MinimumVisualStudioVersion = 10.0.40219.1
Project("{9A19103F-16F7-4668-BE54-9A1E7A4F7556}") = "Epic4_Task1", "SkeletonApi\Epic4_Task1.csproj", "{827490EA-B00A-419A-AECF-0007BE8EF2BA}"
EndProject
Global
	GlobalSection(SolutionConfigurationPlatforms) = preSolution
		Debug|Any CPU = Debug|Any CPU
		Release|Any CPU = Release|Any CPU
	EndGlobalSection
	GlobalSection(ProjectConfigurationPlatforms) = postSolution
		{827490EA-B00A-419A-AECF-0007BE8EF2BA}.Debug|Any CPU.ActiveCfg = Debug|Any CPU
		{827490EA-B00A-419A-AECF-0007BE8EF2BA}.Debug|Any CPU.Build.0 = Debug|Any CPU
		{827490EA-B00A-419A-AECF-0007BE8EF2BA}.Release|Any CPU.ActiveCfg = Release|Any CPU
		{827490EA-B00A-419A-AECF-0007BE8EF2BA}.Release|Any CPU.Build.0 = Release|Any CPU
	EndGlobalSection
	GlobalSection(SolutionProperties) = preSolution
		HideSolutionNode = FALSE
	EndGlobalSection
	GlobalSection(ExtensibilityGlobals) = postSolution
		SolutionGuid = {212AA649-A6ED-4399-B030-C71A26579154}
	EndGlobalSection
EndGlobal
