
Microsoft Visual Studio Solution File, Format Version 12.00
# Visual Studio Version 17
VisualStudioVersion = 17.5.33502.453
MinimumVisualStudioVersion = 10.0.40219.1
Project("{FAE04EC0-301F-11D3-BF4B-00C04F79EFBC}") = "Epic4_Task1", "Epic4_Task1\Epic4_Task1.csproj", "{1881E0AB-F33A-47E7-864A-FD60BF664AA0}"
EndProject
Global
	GlobalSection(SolutionConfigurationPlatforms) = preSolution
		Debug|Any CPU = Debug|Any CPU
		Release|Any CPU = Release|Any CPU
	EndGlobalSection
	GlobalSection(ProjectConfigurationPlatforms) = postSolution
		{1881E0AB-F33A-47E7-864A-FD60BF664AA0}.Debug|Any CPU.ActiveCfg = Debug|Any CPU
		{1881E0AB-F33A-47E7-864A-FD60BF664AA0}.Debug|Any CPU.Build.0 = Debug|Any CPU
		{1881E0AB-F33A-47E7-864A-FD60BF664AA0}.Release|Any CPU.ActiveCfg = Release|Any CPU
		{1881E0AB-F33A-47E7-864A-FD60BF664AA0}.Release|Any CPU.Build.0 = Release|Any CPU
	EndGlobalSection
	GlobalSection(SolutionProperties) = preSolution
		HideSolutionNode = FALSE
	EndGlobalSection
	GlobalSection(ExtensibilityGlobals) = postSolution
		SolutionGuid = {D75E937D-6101-41BC-9860-FC0F1DE0A887}
	EndGlobalSection
EndGlobal
