
Microsoft Visual Studio Solution File, Format Version 12.00
# Visual Studio Version 17
VisualStudioVersion = 17.5.33502.453
MinimumVisualStudioVersion = 10.0.40219.1
Project("{9A19103F-16F7-4668-BE54-9A1E7A4F7556}") = "Epic3_Task1", "WebApplication1\Epic3_Task1.csproj", "{D658E7EF-B384-4A59-9E5D-DE9415CB134F}"
EndProject
Global
	GlobalSection(SolutionConfigurationPlatforms) = preSolution
		Debug|Any CPU = Debug|Any CPU
		Release|Any CPU = Release|Any CPU
	EndGlobalSection
	GlobalSection(ProjectConfigurationPlatforms) = postSolution
		{D658E7EF-B384-4A59-9E5D-DE9415CB134F}.Debug|Any CPU.ActiveCfg = Debug|Any CPU
		{D658E7EF-B384-4A59-9E5D-DE9415CB134F}.Debug|Any CPU.Build.0 = Debug|Any CPU
		{D658E7EF-B384-4A59-9E5D-DE9415CB134F}.Release|Any CPU.ActiveCfg = Release|Any CPU
		{D658E7EF-B384-4A59-9E5D-DE9415CB134F}.Release|Any CPU.Build.0 = Release|Any CPU
	EndGlobalSection
	GlobalSection(SolutionProperties) = preSolution
		HideSolutionNode = FALSE
	EndGlobalSection
	GlobalSection(ExtensibilityGlobals) = postSolution
		SolutionGuid = {63AB064C-EC53-4B0E-9567-F8038D75317B}
	EndGlobalSection
EndGlobal
